
Microsoft Visual Studio Solution File, Format Version 12.00
# Visual Studio Version 16
VisualStudioVersion = 16.0.31515.178
MinimumVisualStudioVersion = 10.0.40219.1
Project("{8BC9CEB8-8B4A-11D0-8D11-00A0C91BC942}") = "3.2", "3.2.vcxproj", "{031984EF-0432-4202-B4B0-8EAB61D10E10}"
EndProject
Global
	GlobalSection(SolutionConfigurationPlatforms) = preSolution
		Debug|x64 = Debug|x64
		Debug|x86 = Debug|x86
		Release|x64 = Release|x64
		Release|x86 = Release|x86
	EndGlobalSection
	GlobalSection(ProjectConfigurationPlatforms) = postSolution
		{031984EF-0432-4202-B4B0-8EAB61D10E10}.Debug|x64.ActiveCfg = Debug|x64
		{031984EF-0432-4202-B4B0-8EAB61D10E10}.Debug|x64.Build.0 = Debug|x64
		{031984EF-0432-4202-B4B0-8EAB61D10E10}.Debug|x86.ActiveCfg = Debug|Win32
		{031984EF-0432-4202-B4B0-8EAB61D10E10}.Debug|x86.Build.0 = Debug|Win32
		{031984EF-0432-4202-B4B0-8EAB61D10E10}.Release|x64.ActiveCfg = Release|x64
		{031984EF-0432-4202-B4B0-8EAB61D10E10}.Release|x64.Build.0 = Release|x64
		{031984EF-0432-4202-B4B0-8EAB61D10E10}.Release|x86.ActiveCfg = Release|Win32
		{031984EF-0432-4202-B4B0-8EAB61D10E10}.Release|x86.Build.0 = Release|Win32
	EndGlobalSection
	GlobalSection(SolutionProperties) = preSolution
		HideSolutionNode = FALSE
	EndGlobalSection
	GlobalSection(ExtensibilityGlobals) = postSolution
		SolutionGuid = {FD6CE9E0-5DDE-4A0E-A649-8DDE7D7683B8}
	EndGlobalSection
EndGlobal
